
Microsoft Visual Studio Solution File, Format Version 12.00
# Visual Studio 15
VisualStudioVersion = 15.0.26823.1
MinimumVisualStudioVersion = 10.0.40219.1
Project("{9A19103F-16F7-4668-BE54-9A1E7A4F7556}") = "StarterKit", "StarterPack\StarterKit.csproj", "{E71965BA-B52F-45E4-BE85-3B86EB25300A}"
EndProject
Project("{151D2E53-A2C4-4D7D-83FE-D05416EBD58E}") = "StarterPackAzureResourceGroup", "StarterPackAzureResourceGroup\StarterPackAzureResourceGroup.deployproj", "{58FD8709-E649-4D99-B6D4-460622A75D49}"
EndProject
Project("{E53339B2-1760-4266-BCC7-CA923CBCF16C}") = "docker-compose", "docker-compose.dcproj", "{C9D4A8EC-82E1-406D-85BE-8FFE0AB626BA}"
EndProject
Project("{9A19103F-16F7-4668-BE54-9A1E7A4F7556}") = "StarterKit.Test", "StarterKit.Test\StarterKit.Test.csproj", "{EA2AD1E8-024B-414E-89A4-486FD7052C00}"
EndProject
Global
	GlobalSection(SolutionConfigurationPlatforms) = preSolution
		Debug|Any CPU = Debug|Any CPU
		Debug|x64 = Debug|x64
		Debug|x86 = Debug|x86
		Release|Any CPU = Release|Any CPU
		Release|x64 = Release|x64
		Release|x86 = Release|x86
	EndGlobalSection
	GlobalSection(ProjectConfigurationPlatforms) = postSolution
		{E71965BA-B52F-45E4-BE85-3B86EB25300A}.Debug|Any CPU.ActiveCfg = Debug|Any CPU
		{E71965BA-B52F-45E4-BE85-3B86EB25300A}.Debug|Any CPU.Build.0 = Debug|Any CPU
		{E71965BA-B52F-45E4-BE85-3B86EB25300A}.Debug|x64.ActiveCfg = Debug|Any CPU
		{E71965BA-B52F-45E4-BE85-3B86EB25300A}.Debug|x64.Build.0 = Debug|Any CPU
		{E71965BA-B52F-45E4-BE85-3B86EB25300A}.Debug|x86.ActiveCfg = Debug|Any CPU
		{E71965BA-B52F-45E4-BE85-3B86EB25300A}.Debug|x86.Build.0 = Debug|Any CPU
		{E71965BA-B52F-45E4-BE85-3B86EB25300A}.Release|Any CPU.ActiveCfg = Release|Any CPU
		{E71965BA-B52F-45E4-BE85-3B86EB25300A}.Release|Any CPU.Build.0 = Release|Any CPU
		{E71965BA-B52F-45E4-BE85-3B86EB25300A}.Release|x64.ActiveCfg = Release|Any CPU
		{E71965BA-B52F-45E4-BE85-3B86EB25300A}.Release|x64.Build.0 = Release|Any CPU
		{E71965BA-B52F-45E4-BE85-3B86EB25300A}.Release|x86.ActiveCfg = Release|Any CPU
		{E71965BA-B52F-45E4-BE85-3B86EB25300A}.Release|x86.Build.0 = Release|Any CPU
		{58FD8709-E649-4D99-B6D4-460622A75D49}.Debug|Any CPU.ActiveCfg = Debug|Any CPU
		{58FD8709-E649-4D99-B6D4-460622A75D49}.Debug|Any CPU.Build.0 = Debug|Any CPU
		{58FD8709-E649-4D99-B6D4-460622A75D49}.Debug|x64.ActiveCfg = Debug|Any CPU
		{58FD8709-E649-4D99-B6D4-460622A75D49}.Debug|x64.Build.0 = Debug|Any CPU
		{58FD8709-E649-4D99-B6D4-460622A75D49}.Debug|x86.ActiveCfg = Debug|Any CPU
		{58FD8709-E649-4D99-B6D4-460622A75D49}.Debug|x86.Build.0 = Debug|Any CPU
		{58FD8709-E649-4D99-B6D4-460622A75D49}.Release|Any CPU.ActiveCfg = Release|Any CPU
		{58FD8709-E649-4D99-B6D4-460622A75D49}.Release|Any CPU.Build.0 = Release|Any CPU
		{58FD8709-E649-4D99-B6D4-460622A75D49}.Release|x64.ActiveCfg = Release|Any CPU
		{58FD8709-E649-4D99-B6D4-460622A75D49}.Release|x64.Build.0 = Release|Any CPU
		{58FD8709-E649-4D99-B6D4-460622A75D49}.Release|x86.ActiveCfg = Release|Any CPU
		{58FD8709-E649-4D99-B6D4-460622A75D49}.Release|x86.Build.0 = Release|Any CPU
		{C9D4A8EC-82E1-406D-85BE-8FFE0AB626BA}.Debug|Any CPU.ActiveCfg = Debug|Any CPU
		{C9D4A8EC-82E1-406D-85BE-8FFE0AB626BA}.Debug|Any CPU.Build.0 = Debug|Any CPU
		{C9D4A8EC-82E1-406D-85BE-8FFE0AB626BA}.Debug|x64.ActiveCfg = Debug|Any CPU
		{C9D4A8EC-82E1-406D-85BE-8FFE0AB626BA}.Debug|x64.Build.0 = Debug|Any CPU
		{C9D4A8EC-82E1-406D-85BE-8FFE0AB626BA}.Debug|x86.ActiveCfg = Debug|Any CPU
		{C9D4A8EC-82E1-406D-85BE-8FFE0AB626BA}.Debug|x86.Build.0 = Debug|Any CPU
		{C9D4A8EC-82E1-406D-85BE-8FFE0AB626BA}.Release|Any CPU.ActiveCfg = Release|Any CPU
		{C9D4A8EC-82E1-406D-85BE-8FFE0AB626BA}.Release|Any CPU.Build.0 = Release|Any CPU
		{C9D4A8EC-82E1-406D-85BE-8FFE0AB626BA}.Release|x64.ActiveCfg = Release|Any CPU
		{C9D4A8EC-82E1-406D-85BE-8FFE0AB626BA}.Release|x64.Build.0 = Release|Any CPU
		{C9D4A8EC-82E1-406D-85BE-8FFE0AB626BA}.Release|x86.ActiveCfg = Release|Any CPU
		{C9D4A8EC-82E1-406D-85BE-8FFE0AB626BA}.Release|x86.Build.0 = Release|Any CPU
		{EA2AD1E8-024B-414E-89A4-486FD7052C00}.Debug|Any CPU.ActiveCfg = Debug|Any CPU
		{EA2AD1E8-024B-414E-89A4-486FD7052C00}.Debug|Any CPU.Build.0 = Debug|Any CPU
		{EA2AD1E8-024B-414E-89A4-486FD7052C00}.Debug|x64.ActiveCfg = Debug|Any CPU
		{EA2AD1E8-024B-414E-89A4-486FD7052C00}.Debug|x64.Build.0 = Debug|Any CPU
		{EA2AD1E8-024B-414E-89A4-486FD7052C00}.Debug|x86.ActiveCfg = Debug|Any CPU
		{EA2AD1E8-024B-414E-89A4-486FD7052C00}.Debug|x86.Build.0 = Debug|Any CPU
		{EA2AD1E8-024B-414E-89A4-486FD7052C00}.Release|Any CPU.ActiveCfg = Release|Any CPU
		{EA2AD1E8-024B-414E-89A4-486FD7052C00}.Release|Any CPU.Build.0 = Release|Any CPU
		{EA2AD1E8-024B-414E-89A4-486FD7052C00}.Release|x64.ActiveCfg = Release|Any CPU
		{EA2AD1E8-024B-414E-89A4-486FD7052C00}.Release|x64.Build.0 = Release|Any CPU
		{EA2AD1E8-024B-414E-89A4-486FD7052C00}.Release|x86.ActiveCfg = Release|Any CPU
		{EA2AD1E8-024B-414E-89A4-486FD7052C00}.Release|x86.Build.0 = Release|Any CPU
	EndGlobalSection
	GlobalSection(SolutionProperties) = preSolution
		HideSolutionNode = FALSE
	EndGlobalSection
	GlobalSection(ExtensibilityGlobals) = postSolution
		SolutionGuid = {825DDDEA-C8EE-479F-BC31-F666672952C4}
	EndGlobalSection
EndGlobal
